// !$*UTF8*$!
{
	archiveVersion = 1;
	classes = {
	};
	objectVersion = 56;
	objects = {

/* Begin PBXBuildFile section */
		D352025D2AE079F5000C9485 /* Chef_s_Best_FriendApp.swift in Sources */ = {isa = PBXBuildFile; fileRef = D352025C2AE079F5000C9485 /* Chef_s_Best_FriendApp.swift */; };
		D352025F2AE079F5000C9485 /* ContentView.swift in Sources */ = {isa = PBXBuildFile; fileRef = D352025E2AE079F5000C9485 /* ContentView.swift */; };
		D35202612AE079F8000C9485 /* Assets.xcassets in Resources */ = {isa = PBXBuildFile; fileRef = D35202602AE079F8000C9485 /* Assets.xcassets */; };
		D35202642AE079F8000C9485 /* Preview Assets.xcassets in Resources */ = {isa = PBXBuildFile; fileRef = D35202632AE079F8000C9485 /* Preview Assets.xcassets */; };
		D352026E2AE079F9000C9485 /* Chef_s_Best_FriendTests.swift in Sources */ = {isa = PBXBuildFile; fileRef = D352026D2AE079F9000C9485 /* Chef_s_Best_FriendTests.swift */; };
		D35202782AE079F9000C9485 /* Chef_s_Best_FriendUITests.swift in Sources */ = {isa = PBXBuildFile; fileRef = D35202772AE079F9000C9485 /* Chef_s_Best_FriendUITests.swift */; };
		D352027A2AE079F9000C9485 /* Chef_s_Best_FriendUITestsLaunchTests.swift in Sources */ = {isa = PBXBuildFile; fileRef = D35202792AE079F9000C9485 /* Chef_s_Best_FriendUITestsLaunchTests.swift */; };
		D3D919122B23FDB600BB4449 /* FirebaseDatabase in Frameworks */ = {isa = PBXBuildFile; productRef = D3D919112B23FDB600BB4449 /* FirebaseDatabase */; };
		D3D919142B23FDB600BB4449 /* FirebaseDatabaseSwift in Frameworks */ = {isa = PBXBuildFile; productRef = D3D919132B23FDB600BB4449 /* FirebaseDatabaseSwift */; };
		D3D919162B23FDB600BB4449 /* FirebaseFirestore in Frameworks */ = {isa = PBXBuildFile; productRef = D3D919152B23FDB600BB4449 /* FirebaseFirestore */; };
		D3D919182B23FDB600BB4449 /* FirebaseFirestoreCombine-Community in Frameworks */ = {isa = PBXBuildFile; productRef = D3D919172B23FDB600BB4449 /* FirebaseFirestoreCombine-Community */; };
		D3D9191A2B23FDB600BB4449 /* FirebaseFirestoreSwift in Frameworks */ = {isa = PBXBuildFile; productRef = D3D919192B23FDB600BB4449 /* FirebaseFirestoreSwift */; };
		D3D9191C2B23FDB600BB4449 /* FirebaseInstallations in Frameworks */ = {isa = PBXBuildFile; productRef = D3D9191B2B23FDB600BB4449 /* FirebaseInstallations */; };
		D3D9191E2B23FDB600BB4449 /* FirebaseStorage in Frameworks */ = {isa = PBXBuildFile; productRef = D3D9191D2B23FDB600BB4449 /* FirebaseStorage */; };
		D3D919202B23FDB600BB4449 /* FirebaseStorageCombine-Community in Frameworks */ = {isa = PBXBuildFile; productRef = D3D9191F2B23FDB600BB4449 /* FirebaseStorageCombine-Community */; };
		D3D919222B23FE3300BB4449 /* GoogleService-Info.plist in Resources */ = {isa = PBXBuildFile; fileRef = D3D919212B23FE3200BB4449 /* GoogleService-Info.plist */; };
		D3D919232B23FE3300BB4449 /* GoogleService-Info.plist in Resources */ = {isa = PBXBuildFile; fileRef = D3D919212B23FE3200BB4449 /* GoogleService-Info.plist */; };
		D3D919242B23FE3300BB4449 /* GoogleService-Info.plist in Resources */ = {isa = PBXBuildFile; fileRef = D3D919212B23FE3200BB4449 /* GoogleService-Info.plist */; };
		D3D919262B23FEF800BB4449 /* FirestoreAdapter.swift in Sources */ = {isa = PBXBuildFile; fileRef = D3D919252B23FEF800BB4449 /* FirestoreAdapter.swift */; };
		D3D919272B23FEF800BB4449 /* FirestoreAdapter.swift in Sources */ = {isa = PBXBuildFile; fileRef = D3D919252B23FEF800BB4449 /* FirestoreAdapter.swift */; };
		D3D919282B23FEF800BB4449 /* FirestoreAdapter.swift in Sources */ = {isa = PBXBuildFile; fileRef = D3D919252B23FEF800BB4449 /* FirestoreAdapter.swift */; };
/* End PBXBuildFile section */

/* Begin PBXContainerItemProxy section */
		D352026A2AE079F9000C9485 /* PBXContainerItemProxy */ = {
			isa = PBXContainerItemProxy;
			containerPortal = D35202512AE079F5000C9485 /* Project object */;
			proxyType = 1;
			remoteGlobalIDString = D35202582AE079F5000C9485;
			remoteInfo = "Chef's Best Friend";
		};
		D35202742AE079F9000C9485 /* PBXContainerItemProxy */ = {
			isa = PBXContainerItemProxy;
			containerPortal = D35202512AE079F5000C9485 /* Project object */;
			proxyType = 1;
			remoteGlobalIDString = D35202582AE079F5000C9485;
			remoteInfo = "Chef's Best Friend";
		};
/* End PBXContainerItemProxy section */

/* Begin PBXFileReference section */
		D35202592AE079F5000C9485 /* Chef's Best Friend.app */ = {isa = PBXFileReference; explicitFileType = wrapper.application; includeInIndex = 0; path = "Chef's Best Friend.app"; sourceTree = BUILT_PRODUCTS_DIR; };
		D352025C2AE079F5000C9485 /* Chef_s_Best_FriendApp.swift */ = {isa = PBXFileReference; lastKnownFileType = sourcecode.swift; path = Chef_s_Best_FriendApp.swift; sourceTree = "<group>"; };
		D352025E2AE079F5000C9485 /* ContentView.swift */ = {isa = PBXFileReference; lastKnownFileType = sourcecode.swift; path = ContentView.swift; sourceTree = "<group>"; };
		D35202602AE079F8000C9485 /* Assets.xcassets */ = {isa = PBXFileReference; lastKnownFileType = folder.assetcatalog; path = Assets.xcassets; sourceTree = "<group>"; };
		D35202632AE079F8000C9485 /* Preview Assets.xcassets */ = {isa = PBXFileReference; lastKnownFileType = folder.assetcatalog; path = "Preview Assets.xcassets"; sourceTree = "<group>"; };
		D35202692AE079F9000C9485 /* Chef's Best FriendTests.xctest */ = {isa = PBXFileReference; explicitFileType = wrapper.cfbundle; includeInIndex = 0; path = "Chef's Best FriendTests.xctest"; sourceTree = BUILT_PRODUCTS_DIR; };
		D352026D2AE079F9000C9485 /* Chef_s_Best_FriendTests.swift */ = {isa = PBXFileReference; lastKnownFileType = sourcecode.swift; path = Chef_s_Best_FriendTests.swift; sourceTree = "<group>"; };
		D35202732AE079F9000C9485 /* Chef's Best FriendUITests.xctest */ = {isa = PBXFileReference; explicitFileType = wrapper.cfbundle; includeInIndex = 0; path = "Chef's Best FriendUITests.xctest"; sourceTree = BUILT_PRODUCTS_DIR; };
		D35202772AE079F9000C9485 /* Chef_s_Best_FriendUITests.swift */ = {isa = PBXFileReference; lastKnownFileType = sourcecode.swift; path = Chef_s_Best_FriendUITests.swift; sourceTree = "<group>"; };
		D35202792AE079F9000C9485 /* Chef_s_Best_FriendUITestsLaunchTests.swift */ = {isa = PBXFileReference; lastKnownFileType = sourcecode.swift; path = Chef_s_Best_FriendUITestsLaunchTests.swift; sourceTree = "<group>"; };
		D3D919212B23FE3200BB4449 /* GoogleService-Info.plist */ = {isa = PBXFileReference; fileEncoding = 4; lastKnownFileType = text.plist.xml; name = "GoogleService-Info.plist"; path = "../../../Downloads/GoogleService-Info.plist"; sourceTree = "<group>"; };
		D3D919252B23FEF800BB4449 /* FirestoreAdapter.swift */ = {isa = PBXFileReference; lastKnownFileType = sourcecode.swift; path = FirestoreAdapter.swift; sourceTree = "<group>"; };
/* End PBXFileReference section */

/* Begin PBXFrameworksBuildPhase section */
		D35202562AE079F5000C9485 /* Frameworks */ = {
			isa = PBXFrameworksBuildPhase;
			buildActionMask = 2147483647;
			files = (
				D3D9191A2B23FDB600BB4449 /* FirebaseFirestoreSwift in Frameworks */,
				D3D919142B23FDB600BB4449 /* FirebaseDatabaseSwift in Frameworks */,
				D3D919202B23FDB600BB4449 /* FirebaseStorageCombine-Community in Frameworks */,
				D3D919182B23FDB600BB4449 /* FirebaseFirestoreCombine-Community in Frameworks */,
				D3D9191C2B23FDB600BB4449 /* FirebaseInstallations in Frameworks */,
				D3D9191E2B23FDB600BB4449 /* FirebaseStorage in Frameworks */,
				D3D919122B23FDB600BB4449 /* FirebaseDatabase in Frameworks */,
				D3D919162B23FDB600BB4449 /* FirebaseFirestore in Frameworks */,
			);
			runOnlyForDeploymentPostprocessing = 0;
		};
		D35202662AE079F9000C9485 /* Frameworks */ = {
			isa = PBXFrameworksBuildPhase;
			buildActionMask = 2147483647;
			files = (
			);
			runOnlyForDeploymentPostprocessing = 0;
		};
		D35202702AE079F9000C9485 /* Frameworks */ = {
			isa = PBXFrameworksBuildPhase;
			buildActionMask = 2147483647;
			files = (
			);
			runOnlyForDeploymentPostprocessing = 0;
		};
/* End PBXFrameworksBuildPhase section */

/* Begin PBXGroup section */
		D35202502AE079F5000C9485 = {
			isa = PBXGroup;
			children = (
				D3D919212B23FE3200BB4449 /* GoogleService-Info.plist */,
				D352025B2AE079F5000C9485 /* Chef's Best Friend */,
				D352026C2AE079F9000C9485 /* Chef's Best FriendTests */,
				D35202762AE079F9000C9485 /* Chef's Best FriendUITests */,
				D352025A2AE079F5000C9485 /* Products */,
			);
			sourceTree = "<group>";
		};
		D352025A2AE079F5000C9485 /* Products */ = {
			isa = PBXGroup;
			children = (
				D35202592AE079F5000C9485 /* Chef's Best Friend.app */,
				D35202692AE079F9000C9485 /* Chef's Best FriendTests.xctest */,
				D35202732AE079F9000C9485 /* Chef's Best FriendUITests.xctest */,
			);
			name = Products;
			sourceTree = "<group>";
		};
		D352025B2AE079F5000C9485 /* Chef's Best Friend */ = {
			isa = PBXGroup;
			children = (
				D352025C2AE079F5000C9485 /* Chef_s_Best_FriendApp.swift */,
				D352025E2AE079F5000C9485 /* ContentView.swift */,
				D35202602AE079F8000C9485 /* Assets.xcassets */,
				D35202622AE079F8000C9485 /* Preview Content */,
				D3D919252B23FEF800BB4449 /* FirestoreAdapter.swift */,
			);
			path = "Chef's Best Friend";
			sourceTree = "<group>";
		};
		D35202622AE079F8000C9485 /* Preview Content */ = {
			isa = PBXGroup;
			children = (
				D35202632AE079F8000C9485 /* Preview Assets.xcassets */,
			);
			path = "Preview Content";
			sourceTree = "<group>";
		};
		D352026C2AE079F9000C9485 /* Chef's Best FriendTests */ = {
			isa = PBXGroup;
			children = (
				D352026D2AE079F9000C9485 /* Chef_s_Best_FriendTests.swift */,
			);
			path = "Chef's Best FriendTests";
			sourceTree = "<group>";
		};
		D35202762AE079F9000C9485 /* Chef's Best FriendUITests */ = {
			isa = PBXGroup;
			children = (
				D35202772AE079F9000C9485 /* Chef_s_Best_FriendUITests.swift */,
				D35202792AE079F9000C9485 /* Chef_s_Best_FriendUITestsLaunchTests.swift */,
			);
			path = "Chef's Best FriendUITests";
			sourceTree = "<group>";
		};
/* End PBXGroup section */

/* Begin PBXNativeTarget section */
		D35202582AE079F5000C9485 /* Chef's Best Friend */ = {
			isa = PBXNativeTarget;
			buildConfigurationList = D352027D2AE079F9000C9485 /* Build configuration list for PBXNativeTarget "Chef's Best Friend" */;
			buildPhases = (
				D35202552AE079F5000C9485 /* Sources */,
				D35202562AE079F5000C9485 /* Frameworks */,
				D35202572AE079F5000C9485 /* Resources */,
			);
			buildRules = (
			);
			dependencies = (
			);
			name = "Chef's Best Friend";
			packageProductDependencies = (
				D3D919112B23FDB600BB4449 /* FirebaseDatabase */,
				D3D919132B23FDB600BB4449 /* FirebaseDatabaseSwift */,
				D3D919152B23FDB600BB4449 /* FirebaseFirestore */,
				D3D919172B23FDB600BB4449 /* FirebaseFirestoreCombine-Community */,
				D3D919192B23FDB600BB4449 /* FirebaseFirestoreSwift */,
				D3D9191B2B23FDB600BB4449 /* FirebaseInstallations */,
				D3D9191D2B23FDB600BB4449 /* FirebaseStorage */,
				D3D9191F2B23FDB600BB4449 /* FirebaseStorageCombine-Community */,
			);
			productName = "Chef's Best Friend";
			productReference = D35202592AE079F5000C9485 /* Chef's Best Friend.app */;
			productType = "com.apple.product-type.application";
		};
		D35202682AE079F9000C9485 /* Chef's Best FriendTests */ = {
			isa = PBXNativeTarget;
			buildConfigurationList = D35202802AE079F9000C9485 /* Build configuration list for PBXNativeTarget "Chef's Best FriendTests" */;
			buildPhases = (
				D35202652AE079F9000C9485 /* Sources */,
				D35202662AE079F9000C9485 /* Frameworks */,
				D35202672AE079F9000C9485 /* Resources */,
			);
			buildRules = (
			);
			dependencies = (
				D352026B2AE079F9000C9485 /* PBXTargetDependency */,
			);
			name = "Chef's Best FriendTests";
			productName = "Chef's Best FriendTests";
			productReference = D35202692AE079F9000C9485 /* Chef's Best FriendTests.xctest */;
			productType = "com.apple.product-type.bundle.unit-test";
		};
		D35202722AE079F9000C9485 /* Chef's Best FriendUITests */ = {
			isa = PBXNativeTarget;
			buildConfigurationList = D35202832AE079F9000C9485 /* Build configuration list for PBXNativeTarget "Chef's Best FriendUITests" */;
			buildPhases = (
				D352026F2AE079F9000C9485 /* Sources */,
				D35202702AE079F9000C9485 /* Frameworks */,
				D35202712AE079F9000C9485 /* Resources */,
			);
			buildRules = (
			);
			dependencies = (
				D35202752AE079F9000C9485 /* PBXTargetDependency */,
			);
			name = "Chef's Best FriendUITests";
			productName = "Chef's Best FriendUITests";
			productReference = D35202732AE079F9000C9485 /* Chef's Best FriendUITests.xctest */;
			productType = "com.apple.product-type.bundle.ui-testing";
		};
/* End PBXNativeTarget section */

/* Begin PBXProject section */
		D35202512AE079F5000C9485 /* Project object */ = {
			isa = PBXProject;
			attributes = {
				BuildIndependentTargetsInParallel = 1;
				LastSwiftUpdateCheck = 1500;
				LastUpgradeCheck = 1500;
				TargetAttributes = {
					D35202582AE079F5000C9485 = {
						CreatedOnToolsVersion = 15.0;
					};
					D35202682AE079F9000C9485 = {
						CreatedOnToolsVersion = 15.0;
						TestTargetID = D35202582AE079F5000C9485;
					};
					D35202722AE079F9000C9485 = {
						CreatedOnToolsVersion = 15.0;
						TestTargetID = D35202582AE079F5000C9485;
					};
				};
			};
			buildConfigurationList = D35202542AE079F5000C9485 /* Build configuration list for PBXProject "Chef's Best Friend" */;
			compatibilityVersion = "Xcode 14.0";
			developmentRegion = en;
			hasScannedForEncodings = 0;
			knownRegions = (
				en,
				Base,
			);
			mainGroup = D35202502AE079F5000C9485;
			packageReferences = (
				D3D919102B23FDB600BB4449 /* XCRemoteSwiftPackageReference "firebase-ios-sdk" */,
			);
			productRefGroup = D352025A2AE079F5000C9485 /* Products */;
			projectDirPath = "";
			projectRoot = "";
			targets = (
				D35202582AE079F5000C9485 /* Chef's Best Friend */,
				D35202682AE079F9000C9485 /* Chef's Best FriendTests */,
				D35202722AE079F9000C9485 /* Chef's Best FriendUITests */,
			);
		};
/* End PBXProject section */

/* Begin PBXResourcesBuildPhase section */
		D35202572AE079F5000C9485 /* Resources */ = {
			isa = PBXResourcesBuildPhase;
			buildActionMask = 2147483647;
			files = (
				D35202642AE079F8000C9485 /* Preview Assets.xcassets in Resources */,
				D35202612AE079F8000C9485 /* Assets.xcassets in Resources */,
				D3D919222B23FE3300BB4449 /* GoogleService-Info.plist in Resources */,
			);
			runOnlyForDeploymentPostprocessing = 0;
		};
		D35202672AE079F9000C9485 /* Resources */ = {
			isa = PBXResourcesBuildPhase;
			buildActionMask = 2147483647;
			files = (
				D3D919232B23FE3300BB4449 /* GoogleService-Info.plist in Resources */,
			);
			runOnlyForDeploymentPostprocessing = 0;
		};
		D35202712AE079F9000C9485 /* Resources */ = {
			isa = PBXResourcesBuildPhase;
			buildActionMask = 2147483647;
			files = (
				D3D919242B23FE3300BB4449 /* GoogleService-Info.plist in Resources */,
			);
			runOnlyForDeploymentPostprocessing = 0;
		};
/* End PBXResourcesBuildPhase section */

/* Begin PBXSourcesBuildPhase section */
		D35202552AE079F5000C9485 /* Sources */ = {
			isa = PBXSourcesBuildPhase;
			buildActionMask = 2147483647;
			files = (
				D352025F2AE079F5000C9485 /* ContentView.swift in Sources */,
				D352025D2AE079F5000C9485 /* Chef_s_Best_FriendApp.swift in Sources */,
				D3D919262B23FEF800BB4449 /* FirestoreAdapter.swift in Sources */,
			);
			runOnlyForDeploymentPostprocessing = 0;
		};
		D35202652AE079F9000C9485 /* Sources */ = {
			isa = PBXSourcesBuildPhase;
			buildActionMask = 2147483647;
			files = (
				D352026E2AE079F9000C9485 /* Chef_s_Best_FriendTests.swift in Sources */,
				D3D919272B23FEF800BB4449 /* FirestoreAdapter.swift in Sources */,
			);
			runOnlyForDeploymentPostprocessing = 0;
		};
		D352026F2AE079F9000C9485 /* Sources */ = {
			isa = PBXSourcesBuildPhase;
			buildActionMask = 2147483647;
			files = (
				D352027A2AE079F9000C9485 /* Chef_s_Best_FriendUITestsLaunchTests.swift in Sources */,
				D35202782AE079F9000C9485 /* Chef_s_Best_FriendUITests.swift in Sources */,
				D3D919282B23FEF800BB4449 /* FirestoreAdapter.swift in Sources */,
			);
			runOnlyForDeploymentPostprocessing = 0;
		};
/* End PBXSourcesBuildPhase section */

/* Begin PBXTargetDependency section */
		D352026B2AE079F9000C9485 /* PBXTargetDependency */ = {
			isa = PBXTargetDependency;
			target = D35202582AE079F5000C9485 /* Chef's Best Friend */;
			targetProxy = D352026A2AE079F9000C9485 /* PBXContainerItemProxy */;
		};
		D35202752AE079F9000C9485 /* PBXTargetDependency */ = {
			isa = PBXTargetDependency;
			target = D35202582AE079F5000C9485 /* Chef's Best Friend */;
			targetProxy = D35202742AE079F9000C9485 /* PBXContainerItemProxy */;
		};
/* End PBXTargetDependency section */

/* Begin XCBuildConfiguration section */
		D352027B2AE079F9000C9485 /* Debug */ = {
			isa = XCBuildConfiguration;
			buildSettings = {
				ALWAYS_SEARCH_USER_PATHS = NO;
				ASSETCATALOG_COMPILER_GENERATE_SWIFT_ASSET_SYMBOL_EXTENSIONS = YES;
				CLANG_ANALYZER_NONNULL = YES;
				CLANG_ANALYZER_NUMBER_OBJECT_CONVERSION = YES_AGGRESSIVE;
				CLANG_CXX_LANGUAGE_STANDARD = "gnu++20";
				CLANG_ENABLE_MODULES = YES;
				CLANG_ENABLE_OBJC_ARC = YES;
				CLANG_ENABLE_OBJC_WEAK = YES;
				CLANG_WARN_BLOCK_CAPTURE_AUTORELEASING = YES;
				CLANG_WARN_BOOL_CONVERSION = YES;
				CLANG_WARN_COMMA = YES;
				CLANG_WARN_CONSTANT_CONVERSION = YES;
				CLANG_WARN_DEPRECATED_OBJC_IMPLEMENTATIONS = YES;
				CLANG_WARN_DIRECT_OBJC_ISA_USAGE = YES_ERROR;
				CLANG_WARN_DOCUMENTATION_COMMENTS = YES;
				CLANG_WARN_EMPTY_BODY = YES;
				CLANG_WARN_ENUM_CONVERSION = YES;
				CLANG_WARN_INFINITE_RECURSION = YES;
				CLANG_WARN_INT_CONVERSION = YES;
				CLANG_WARN_NON_LITERAL_NULL_CONVERSION = YES;
				CLANG_WARN_OBJC_IMPLICIT_RETAIN_SELF = YES;
				CLANG_WARN_OBJC_LITERAL_CONVERSION = YES;
				CLANG_WARN_OBJC_ROOT_CLASS = YES_ERROR;
				CLANG_WARN_QUOTED_INCLUDE_IN_FRAMEWORK_HEADER = YES;
				CLANG_WARN_RANGE_LOOP_ANALYSIS = YES;
				CLANG_WARN_STRICT_PROTOTYPES = YES;
				CLANG_WARN_SUSPICIOUS_MOVE = YES;
				CLANG_WARN_UNGUARDED_AVAILABILITY = YES_AGGRESSIVE;
				CLANG_WARN_UNREACHABLE_CODE = YES;
				CLANG_WARN__DUPLICATE_METHOD_MATCH = YES;
				COPY_PHASE_STRIP = NO;
				DEBUG_INFORMATION_FORMAT = dwarf;
				ENABLE_STRICT_OBJC_MSGSEND = YES;
				ENABLE_TESTABILITY = YES;
				ENABLE_USER_SCRIPT_SANDBOXING = YES;
				GCC_C_LANGUAGE_STANDARD = gnu17;
				GCC_DYNAMIC_NO_PIC = NO;
				GCC_NO_COMMON_BLOCKS = YES;
				GCC_OPTIMIZATION_LEVEL = 0;
				GCC_PREPROCESSOR_DEFINITIONS = (
					"DEBUG=1",
					"$(inherited)",
				);
				GCC_WARN_64_TO_32_BIT_CONVERSION = YES;
				GCC_WARN_ABOUT_RETURN_TYPE = YES_ERROR;
				GCC_WARN_UNDECLARED_SELECTOR = YES;
				GCC_WARN_UNINITIALIZED_AUTOS = YES_AGGRESSIVE;
				GCC_WARN_UNUSED_FUNCTION = YES;
				GCC_WARN_UNUSED_VARIABLE = YES;
				IPHONEOS_DEPLOYMENT_TARGET = 17.0;
				LOCALIZATION_PREFERS_STRING_CATALOGS = YES;
				MTL_ENABLE_DEBUG_INFO = INCLUDE_SOURCE;
				MTL_FAST_MATH = YES;
				ONLY_ACTIVE_ARCH = YES;
				SDKROOT = iphoneos;
				SWIFT_ACTIVE_COMPILATION_CONDITIONS = "DEBUG $(inherited)";
				SWIFT_OPTIMIZATION_LEVEL = "-Onone";
			};
			name = Debug;
		};
		D352027C2AE079F9000C9485 /* Release */ = {
			isa = XCBuildConfiguration;
			buildSettings = {
				ALWAYS_SEARCH_USER_PATHS = NO;
				ASSETCATALOG_COMPILER_GENERATE_SWIFT_ASSET_SYMBOL_EXTENSIONS = YES;
				CLANG_ANALYZER_NONNULL = YES;
				CLANG_ANALYZER_NUMBER_OBJECT_CONVERSION = YES_AGGRESSIVE;
				CLANG_CXX_LANGUAGE_STANDARD = "gnu++20";
				CLANG_ENABLE_MODULES = YES;
				CLANG_ENABLE_OBJC_ARC = YES;
				CLANG_ENABLE_OBJC_WEAK = YES;
				CLANG_WARN_BLOCK_CAPTURE_AUTORELEASING = YES;
				CLANG_WARN_BOOL_CONVERSION = YES;
				CLANG_WARN_COMMA = YES;
				CLANG_WARN_CONSTANT_CONVERSION = YES;
				CLANG_WARN_DEPRECATED_OBJC_IMPLEMENTATIONS = YES;
				CLANG_WARN_DIRECT_OBJC_ISA_USAGE = YES_ERROR;
				CLANG_WARN_DOCUMENTATION_COMMENTS = YES;
				CLANG_WARN_EMPTY_BODY = YES;
				CLANG_WARN_ENUM_CONVERSION = YES;
				CLANG_WARN_INFINITE_RECURSION = YES;
				CLANG_WARN_INT_CONVERSION = YES;
				CLANG_WARN_NON_LITERAL_NULL_CONVERSION = YES;
				CLANG_WARN_OBJC_IMPLICIT_RETAIN_SELF = YES;
				CLANG_WARN_OBJC_LITERAL_CONVERSION = YES;
				CLANG_WARN_OBJC_ROOT_CLASS = YES_ERROR;
				CLANG_WARN_QUOTED_INCLUDE_IN_FRAMEWORK_HEADER = YES;
				CLANG_WARN_RANGE_LOOP_ANALYSIS = YES;
				CLANG_WARN_STRICT_PROTOTYPES = YES;
				CLANG_WARN_SUSPICIOUS_MOVE = YES;
				CLANG_WARN_UNGUARDED_AVAILABILITY = YES_AGGRESSIVE;
				CLANG_WARN_UNREACHABLE_CODE = YES;
				CLANG_WARN__DUPLICATE_METHOD_MATCH = YES;
				COPY_PHASE_STRIP = NO;
				DEBUG_INFORMATION_FORMAT = "dwarf-with-dsym";
				ENABLE_NS_ASSERTIONS = NO;
				ENABLE_STRICT_OBJC_MSGSEND = YES;
				ENABLE_USER_SCRIPT_SANDBOXING = YES;
				GCC_C_LANGUAGE_STANDARD = gnu17;
				GCC_NO_COMMON_BLOCKS = YES;
				GCC_WARN_64_TO_32_BIT_CONVERSION = YES;
				GCC_WARN_ABOUT_RETURN_TYPE = YES_ERROR;
				GCC_WARN_UNDECLARED_SELECTOR = YES;
				GCC_WARN_UNINITIALIZED_AUTOS = YES_AGGRESSIVE;
				GCC_WARN_UNUSED_FUNCTION = YES;
				GCC_WARN_UNUSED_VARIABLE = YES;
				IPHONEOS_DEPLOYMENT_TARGET = 17.0;
				LOCALIZATION_PREFERS_STRING_CATALOGS = YES;
				MTL_ENABLE_DEBUG_INFO = NO;
				MTL_FAST_MATH = YES;
				SDKROOT = iphoneos;
				SWIFT_COMPILATION_MODE = wholemodule;
				VALIDATE_PRODUCT = YES;
			};
			name = Release;
		};
		D352027E2AE079F9000C9485 /* Debug */ = {
			isa = XCBuildConfiguration;
			buildSettings = {
				ASSETCATALOG_COMPILER_APPICON_NAME = AppIcon;
				ASSETCATALOG_COMPILER_GLOBAL_ACCENT_COLOR_NAME = AccentColor;
				CODE_SIGN_STYLE = Automatic;
				CURRENT_PROJECT_VERSION = 1;
				DEVELOPMENT_ASSET_PATHS = "\"Chef's Best Friend/Preview Content\"";
				DEVELOPMENT_TEAM = 23455F73Y6;
				ENABLE_PREVIEWS = YES;
				GENERATE_INFOPLIST_FILE = YES;
				INFOPLIST_KEY_UIApplicationSceneManifest_Generation = YES;
				INFOPLIST_KEY_UIApplicationSupportsIndirectInputEvents = YES;
				INFOPLIST_KEY_UILaunchScreen_Generation = YES;
				INFOPLIST_KEY_UISupportedInterfaceOrientations_iPad = "UIInterfaceOrientationPortrait UIInterfaceOrientationPortraitUpsideDown UIInterfaceOrientationLandscapeLeft UIInterfaceOrientationLandscapeRight";
				INFOPLIST_KEY_UISupportedInterfaceOrientations_iPhone = "UIInterfaceOrientationPortrait UIInterfaceOrientationLandscapeLeft UIInterfaceOrientationLandscapeRight";
				LD_RUNPATH_SEARCH_PATHS = (
					"$(inherited)",
					"@executable_path/Frameworks",
				);
				MARKETING_VERSION = 1.0;
				PRODUCT_BUNDLE_IDENTIFIER = "david.Chef-s-Best-Friend";
				PRODUCT_NAME = "$(TARGET_NAME)";
				SWIFT_EMIT_LOC_STRINGS = YES;
				SWIFT_VERSION = 5.0;
				TARGETED_DEVICE_FAMILY = "1,2";
			};
			name = Debug;
		};
		D352027F2AE079F9000C9485 /* Release */ = {
			isa = XCBuildConfiguration;
			buildSettings = {
				ASSETCATALOG_COMPILER_APPICON_NAME = AppIcon;
				ASSETCATALOG_COMPILER_GLOBAL_ACCENT_COLOR_NAME = AccentColor;
				CODE_SIGN_STYLE = Automatic;
				CURRENT_PROJECT_VERSION = 1;
				DEVELOPMENT_ASSET_PATHS = "\"Chef's Best Friend/Preview Content\"";
				DEVELOPMENT_TEAM = 23455F73Y6;
				ENABLE_PREVIEWS = YES;
				GENERATE_INFOPLIST_FILE = YES;
				INFOPLIST_KEY_UIApplicationSceneManifest_Generation = YES;
				INFOPLIST_KEY_UIApplicationSupportsIndirectInputEvents = YES;
				INFOPLIST_KEY_UILaunchScreen_Generation = YES;
				INFOPLIST_KEY_UISupportedInterfaceOrientations_iPad = "UIInterfaceOrientationPortrait UIInterfaceOrientationPortraitUpsideDown UIInterfaceOrientationLandscapeLeft UIInterfaceOrientationLandscapeRight";
				INFOPLIST_KEY_UISupportedInterfaceOrientations_iPhone = "UIInterfaceOrientationPortrait UIInterfaceOrientationLandscapeLeft UIInterfaceOrientationLandscapeRight";
				LD_RUNPATH_SEARCH_PATHS = (
					"$(inherited)",
					"@executable_path/Frameworks",
				);
				MARKETING_VERSION = 1.0;
				PRODUCT_BUNDLE_IDENTIFIER = "david.Chef-s-Best-Friend";
				PRODUCT_NAME = "$(TARGET_NAME)";
				SWIFT_EMIT_LOC_STRINGS = YES;
				SWIFT_VERSION = 5.0;
				TARGETED_DEVICE_FAMILY = "1,2";
			};
			name = Release;
		};
		D35202812AE079F9000C9485 /* Debug */ = {
			isa = XCBuildConfiguration;
			buildSettings = {
				ALWAYS_EMBED_SWIFT_STANDARD_LIBRARIES = YES;
				BUNDLE_LOADER = "$(TEST_HOST)";
				CODE_SIGN_STYLE = Automatic;
				CURRENT_PROJECT_VERSION = 1;
				DEVELOPMENT_TEAM = 23455F73Y6;
				GENERATE_INFOPLIST_FILE = YES;
				IPHONEOS_DEPLOYMENT_TARGET = 17.0;
				MARKETING_VERSION = 1.0;
				PRODUCT_BUNDLE_IDENTIFIER = "david.Chef-s-Best-FriendTests";
				PRODUCT_NAME = "$(TARGET_NAME)";
				SWIFT_EMIT_LOC_STRINGS = NO;
				SWIFT_VERSION = 5.0;
				TARGETED_DEVICE_FAMILY = "1,2";
				TEST_HOST = "$(BUILT_PRODUCTS_DIR)/Chef's Best Friend.app/$(BUNDLE_EXECUTABLE_FOLDER_PATH)/Chef's Best Friend";
			};
			name = Debug;
		};
		D35202822AE079F9000C9485 /* Release */ = {
			isa = XCBuildConfiguration;
			buildSettings = {
				ALWAYS_EMBED_SWIFT_STANDARD_LIBRARIES = YES;
				BUNDLE_LOADER = "$(TEST_HOST)";
				CODE_SIGN_STYLE = Automatic;
				CURRENT_PROJECT_VERSION = 1;
				DEVELOPMENT_TEAM = 23455F73Y6;
				GENERATE_INFOPLIST_FILE = YES;
				IPHONEOS_DEPLOYMENT_TARGET = 17.0;
				MARKETING_VERSION = 1.0;
				PRODUCT_BUNDLE_IDENTIFIER = "david.Chef-s-Best-FriendTests";
				PRODUCT_NAME = "$(TARGET_NAME)";
				SWIFT_EMIT_LOC_STRINGS = NO;
				SWIFT_VERSION = 5.0;
				TARGETED_DEVICE_FAMILY = "1,2";
				TEST_HOST = "$(BUILT_PRODUCTS_DIR)/Chef's Best Friend.app/$(BUNDLE_EXECUTABLE_FOLDER_PATH)/Chef's Best Friend";
			};
			name = Release;
		};
		D35202842AE079F9000C9485 /* Debug */ = {
			isa = XCBuildConfiguration;
			buildSettings = {
				ALWAYS_EMBED_SWIFT_STANDARD_LIBRARIES = YES;
				CODE_SIGN_STYLE = Automatic;
				CURRENT_PROJECT_VERSION = 1;
				DEVELOPMENT_TEAM = 23455F73Y6;
				GENERATE_INFOPLIST_FILE = YES;
				MARKETING_VERSION = 1.0;
				PRODUCT_BUNDLE_IDENTIFIER = "david.Chef-s-Best-FriendUITests";
				PRODUCT_NAME = "$(TARGET_NAME)";
				SWIFT_EMIT_LOC_STRINGS = NO;
				SWIFT_VERSION = 5.0;
				TARGETED_DEVICE_FAMILY = "1,2";
				TEST_TARGET_NAME = "Chef's Best Friend";
			};
			name = Debug;
		};
		D35202852AE079F9000C9485 /* Release */ = {
			isa = XCBuildConfiguration;
			buildSettings = {
				ALWAYS_EMBED_SWIFT_STANDARD_LIBRARIES = YES;
				CODE_SIGN_STYLE = Automatic;
				CURRENT_PROJECT_VERSION = 1;
				DEVELOPMENT_TEAM = 23455F73Y6;
				GENERATE_INFOPLIST_FILE = YES;
				MARKETING_VERSION = 1.0;
				PRODUCT_BUNDLE_IDENTIFIER = "david.Chef-s-Best-FriendUITests";
				PRODUCT_NAME = "$(TARGET_NAME)";
				SWIFT_EMIT_LOC_STRINGS = NO;
				SWIFT_VERSION = 5.0;
				TARGETED_DEVICE_FAMILY = "1,2";
				TEST_TARGET_NAME = "Chef's Best Friend";
			};
			name = Release;
		};
/* End XCBuildConfiguration section */

/* Begin XCConfigurationList section */
		D35202542AE079F5000C9485 /* Build configuration list for PBXProject "Chef's Best Friend" */ = {
			isa = XCConfigurationList;
			buildConfigurations = (
				D352027B2AE079F9000C9485 /* Debug */,
				D352027C2AE079F9000C9485 /* Release */,
			);
			defaultConfigurationIsVisible = 0;
			defaultConfigurationName = Release;
		};
		D352027D2AE079F9000C9485 /* Build configuration list for PBXNativeTarget "Chef's Best Friend" */ = {
			isa = XCConfigurationList;
			buildConfigurations = (
				D352027E2AE079F9000C9485 /* Debug */,
				D352027F2AE079F9000C9485 /* Release */,
			);
			defaultConfigurationIsVisible = 0;
			defaultConfigurationName = Release;
		};
		D35202802AE079F9000C9485 /* Build configuration list for PBXNativeTarget "Chef's Best FriendTests" */ = {
			isa = XCConfigurationList;
			buildConfigurations = (
				D35202812AE079F9000C9485 /* Debug */,
				D35202822AE079F9000C9485 /* Release */,
			);
			defaultConfigurationIsVisible = 0;
			defaultConfigurationName = Release;
		};
		D35202832AE079F9000C9485 /* Build configuration list for PBXNativeTarget "Chef's Best FriendUITests" */ = {
			isa = XCConfigurationList;
			buildConfigurations = (
				D35202842AE079F9000C9485 /* Debug */,
				D35202852AE079F9000C9485 /* Release */,
			);
			defaultConfigurationIsVisible = 0;
			defaultConfigurationName = Release;
		};
/* End XCConfigurationList section */

/* Begin XCRemoteSwiftPackageReference section */
		D3D919102B23FDB600BB4449 /* XCRemoteSwiftPackageReference "firebase-ios-sdk" */ = {
			isa = XCRemoteSwiftPackageReference;
			repositoryURL = "https://github.com/firebase/firebase-ios-sdk";
			requirement = {
				kind = upToNextMajorVersion;
				minimumVersion = 10.19.0;
			};
		};
/* End XCRemoteSwiftPackageReference section */

/* Begin XCSwiftPackageProductDependency section */
		D3D919112B23FDB600BB4449 /* FirebaseDatabase */ = {
			isa = XCSwiftPackageProductDependency;
			package = D3D919102B23FDB600BB4449 /* XCRemoteSwiftPackageReference "firebase-ios-sdk" */;
			productName = FirebaseDatabase;
		};
		D3D919132B23FDB600BB4449 /* FirebaseDatabaseSwift */ = {
			isa = XCSwiftPackageProductDependency;
			package = D3D919102B23FDB600BB4449 /* XCRemoteSwiftPackageReference "firebase-ios-sdk" */;
			productName = FirebaseDatabaseSwift;
		};
		D3D919152B23FDB600BB4449 /* FirebaseFirestore */ = {
			isa = XCSwiftPackageProductDependency;
			package = D3D919102B23FDB600BB4449 /* XCRemoteSwiftPackageReference "firebase-ios-sdk" */;
			productName = FirebaseFirestore;
		};
		D3D919172B23FDB600BB4449 /* FirebaseFirestoreCombine-Community */ = {
			isa = XCSwiftPackageProductDependency;
			package = D3D919102B23FDB600BB4449 /* XCRemoteSwiftPackageReference "firebase-ios-sdk" */;
			productName = "FirebaseFirestoreCombine-Community";
		};
		D3D919192B23FDB600BB4449 /* FirebaseFirestoreSwift */ = {
			isa = XCSwiftPackageProductDependency;
			package = D3D919102B23FDB600BB4449 /* XCRemoteSwiftPackageReference "firebase-ios-sdk" */;
			productName = FirebaseFirestoreSwift;
		};
		D3D9191B2B23FDB600BB4449 /* FirebaseInstallations */ = {
			isa = XCSwiftPackageProductDependency;
			package = D3D919102B23FDB600BB4449 /* XCRemoteSwiftPackageReference "firebase-ios-sdk" */;
			productName = FirebaseInstallations;
		};
		D3D9191D2B23FDB600BB4449 /* FirebaseStorage */ = {
			isa = XCSwiftPackageProductDependency;
			package = D3D919102B23FDB600BB4449 /* XCRemoteSwiftPackageReference "firebase-ios-sdk" */;
			productName = FirebaseStorage;
		};
		D3D9191F2B23FDB600BB4449 /* FirebaseStorageCombine-Community */ = {
			isa = XCSwiftPackageProductDependency;
			package = D3D919102B23FDB600BB4449 /* XCRemoteSwiftPackageReference "firebase-ios-sdk" */;
			productName = "FirebaseStorageCombine-Community";
		};
/* End XCSwiftPackageProductDependency section */
	};
	rootObject = D35202512AE079F5000C9485 /* Project object */;
}
